
Microsoft Visual Studio Solution File, Format Version 12.00
# Visual Studio for Mac
Project("{FAE04EC0-301F-11D3-BF4B-00C04F79EFBC}") = "EasySuspension2", "EasySuspension2.csproj", "{D2BDEB77-CAFD-F0B5-A631-2B19D332F321}"
EndProject
Project("{FAE04EC0-301F-11D3-BF4B-00C04F79EFBC}") = "EasySuspension2.Plugins", "EasySuspension2.Plugins.csproj", "{5AC2F53E-4C9D-296D-3A7B-2E32396DB622}"
EndProject
Project("{FAE04EC0-301F-11D3-BF4B-00C04F79EFBC}") = "EasySuspension2.Editor.Plugins", "EasySuspension2.Editor.Plugins.csproj", "{4CB807C3-A895-B734-85BB-43189E4BF11D}"
EndProject
Project("{FAE04EC0-301F-11D3-BF4B-00C04F79EFBC}") = "EasySuspension2.Editor", "EasySuspension2.Editor.csproj", "{44EFB729-006E-ED1C-3BBF-8EBB6B8C0475}"
EndProject
Global
	GlobalSection(SolutionConfigurationPlatforms) = preSolution
		Debug|Any CPU = Debug|Any CPU
		Release|Any CPU = Release|Any CPU
	EndGlobalSection
	GlobalSection(ProjectConfigurationPlatforms) = postSolution
		{D2BDEB77-CAFD-F0B5-A631-2B19D332F321}.Debug|Any CPU.ActiveCfg = Debug|Any CPU
		{D2BDEB77-CAFD-F0B5-A631-2B19D332F321}.Debug|Any CPU.Build.0 = Debug|Any CPU
		{D2BDEB77-CAFD-F0B5-A631-2B19D332F321}.Release|Any CPU.ActiveCfg = Release|Any CPU
		{D2BDEB77-CAFD-F0B5-A631-2B19D332F321}.Release|Any CPU.Build.0 = Release|Any CPU
		{5AC2F53E-4C9D-296D-3A7B-2E32396DB622}.Debug|Any CPU.ActiveCfg = Debug|Any CPU
		{5AC2F53E-4C9D-296D-3A7B-2E32396DB622}.Debug|Any CPU.Build.0 = Debug|Any CPU
		{5AC2F53E-4C9D-296D-3A7B-2E32396DB622}.Release|Any CPU.ActiveCfg = Release|Any CPU
		{5AC2F53E-4C9D-296D-3A7B-2E32396DB622}.Release|Any CPU.Build.0 = Release|Any CPU
		{4CB807C3-A895-B734-85BB-43189E4BF11D}.Debug|Any CPU.ActiveCfg = Debug|Any CPU
		{4CB807C3-A895-B734-85BB-43189E4BF11D}.Debug|Any CPU.Build.0 = Debug|Any CPU
		{4CB807C3-A895-B734-85BB-43189E4BF11D}.Release|Any CPU.ActiveCfg = Release|Any CPU
		{4CB807C3-A895-B734-85BB-43189E4BF11D}.Release|Any CPU.Build.0 = Release|Any CPU
		{44EFB729-006E-ED1C-3BBF-8EBB6B8C0475}.Debug|Any CPU.ActiveCfg = Debug|Any CPU
		{44EFB729-006E-ED1C-3BBF-8EBB6B8C0475}.Debug|Any CPU.Build.0 = Debug|Any CPU
		{44EFB729-006E-ED1C-3BBF-8EBB6B8C0475}.Release|Any CPU.ActiveCfg = Release|Any CPU
		{44EFB729-006E-ED1C-3BBF-8EBB6B8C0475}.Release|Any CPU.Build.0 = Release|Any CPU
	EndGlobalSection
	GlobalSection(SolutionProperties) = preSolution
		HideSolutionNode = FALSE
	EndGlobalSection
EndGlobal
