
Microsoft Visual Studio Solution File, Format Version 11.00
# Visual Studio 2010
Project("{FAE04EC0-301F-11D3-BF4B-00C04F79EFBC}") = "EasySuspension2", "Assembly-CSharp.csproj", "{A489E4FE-0B4C-5C72-E112-A1D0FC9E1043}"
EndProject
Project("{FAE04EC0-301F-11D3-BF4B-00C04F79EFBC}") = "EasySuspension2", "Assembly-CSharp-firstpass.csproj", "{856FE610-4EE9-6B69-A278-BFEAD6194797}"
EndProject
Project("{FAE04EC0-301F-11D3-BF4B-00C04F79EFBC}") = "EasySuspension2", "Assembly-CSharp-Editor-firstpass.csproj", "{A054AFB0-98FA-16F6-6E68-60E6D989761B}"
EndProject
Project("{FAE04EC0-301F-11D3-BF4B-00C04F79EFBC}") = "EasySuspension2", "Assembly-CSharp-Editor.csproj", "{E54ABF1F-BD59-9775-EA3F-B33256D40AFB}"
EndProject
Global
	GlobalSection(SolutionConfigurationPlatforms) = preSolution
		Debug|Any CPU = Debug|Any CPU
		Release|Any CPU = Release|Any CPU
	EndGlobalSection
	GlobalSection(ProjectConfigurationPlatforms) = postSolution
		{A489E4FE-0B4C-5C72-E112-A1D0FC9E1043}.Debug|Any CPU.ActiveCfg = Debug|Any CPU
		{A489E4FE-0B4C-5C72-E112-A1D0FC9E1043}.Debug|Any CPU.Build.0 = Debug|Any CPU
		{A489E4FE-0B4C-5C72-E112-A1D0FC9E1043}.Release|Any CPU.ActiveCfg = Release|Any CPU
		{A489E4FE-0B4C-5C72-E112-A1D0FC9E1043}.Release|Any CPU.Build.0 = Release|Any CPU
		{856FE610-4EE9-6B69-A278-BFEAD6194797}.Debug|Any CPU.ActiveCfg = Debug|Any CPU
		{856FE610-4EE9-6B69-A278-BFEAD6194797}.Debug|Any CPU.Build.0 = Debug|Any CPU
		{856FE610-4EE9-6B69-A278-BFEAD6194797}.Release|Any CPU.ActiveCfg = Release|Any CPU
		{856FE610-4EE9-6B69-A278-BFEAD6194797}.Release|Any CPU.Build.0 = Release|Any CPU
		{A054AFB0-98FA-16F6-6E68-60E6D989761B}.Debug|Any CPU.ActiveCfg = Debug|Any CPU
		{A054AFB0-98FA-16F6-6E68-60E6D989761B}.Debug|Any CPU.Build.0 = Debug|Any CPU
		{A054AFB0-98FA-16F6-6E68-60E6D989761B}.Release|Any CPU.ActiveCfg = Release|Any CPU
		{A054AFB0-98FA-16F6-6E68-60E6D989761B}.Release|Any CPU.Build.0 = Release|Any CPU
		{E54ABF1F-BD59-9775-EA3F-B33256D40AFB}.Debug|Any CPU.ActiveCfg = Debug|Any CPU
		{E54ABF1F-BD59-9775-EA3F-B33256D40AFB}.Debug|Any CPU.Build.0 = Debug|Any CPU
		{E54ABF1F-BD59-9775-EA3F-B33256D40AFB}.Release|Any CPU.ActiveCfg = Release|Any CPU
		{E54ABF1F-BD59-9775-EA3F-B33256D40AFB}.Release|Any CPU.Build.0 = Release|Any CPU
	EndGlobalSection
	GlobalSection(SolutionProperties) = preSolution
		HideSolutionNode = FALSE
	EndGlobalSection
	GlobalSection(MonoDevelopProperties) = preSolution
		StartupItem = Assembly-CSharp.csproj
	EndGlobalSection
EndGlobal
